<?xml version="1.0" encoding="utf-8"?>
<Project ToolsVersion="4.0" xmlns="http://schemas.microsoft.com/developer/msbuild/2003">
  <ItemGroup>
    <Filter Include="Source Files">
      <UniqueIdentifier>{4FC737F1-C7A5-4376-A066-2A32D752A2FF}</UniqueIdentifier>
      <Extensions>cpp;c;cc;cxx;c++;cppm;ixx;def;odl;idl;hpj;bat;asm;asmx</Extensions>
    </Filter>
    <Filter Include="Header Files">
      <UniqueIdentifier>{93995380-89BD-4b04-88EB-625FBE52EBFB}</UniqueIdentifier>
      <Extensions>h;hh;hpp;hxx;h++;hm;inl;inc;ipp;xsd</Extensions>
    </Filter>
    <Filter Include="Resource Files">
      <UniqueIdentifier>{67DA6AB6-F800-4c08-8B7A-83BB121AAD01}</UniqueIdentifier>
      <Extensions>rc;ico;cur;bmp;dlg;rc2;rct;bin;rgs;gif;jpg;jpeg;jpe;resx;tiff;tif;png;wav;mfcribbon-ms</Extensions>
    </Filter>
  </ItemGroup>
  <ItemGroup>
    <ClCompile Include="src\Playground.cpp">
      <Filter>Source Files</Filter>
    </ClCompile>
    <ClCompile Include="src\Model.cpp">
      <Filter>Source Files</Filter>
    </ClCompile>
    <ClCompile Include="src\Util.cpp">
      <Filter>Source Files</Filter>
    </ClCompile>
    <ClCompile Include="src\Shader.cpp">
      <Filter>Source Files</Filter>
    </ClCompile>
    <ClCompile Include="src\Text.cpp">
      <Filter>Source Files</Filter>
    </ClCompile>
  </ItemGroup>
  <ItemGroup>
    <None Include="dlls\assimp-vc143-mtd.dll" />
    <None Include="dlls\SDL2.dll" />
    <None Include="resources\shaders\StaticMesh.vs" />
    <None Include="resources\shaders\BasicMesh.fs" />
    <None Include=".gitattributes" />
    <None Include=".gitignore" />
    <None Include="README.md" />
    <None Include="resources\shaders\DebugBone.fs" />
    <None Include="resources\shaders\SkinnedMesh.vs" />
    <None Include=".editorconfig" />
    <None Include="dlls\SDL2_ttf.dll" />
    <None Include="resources\models\animtest\animtest_embedded.gltf" />
    <None Include="resources\models\animtest\animtest_embedded2.gltf" />
    <None Include="resources\models\animtest\animtest_embedded3.gltf" />
    <None Include="resources\models\animtest\animtest_embedded4.gltf" />
    <None Include="resources\models\animtest\animtest_embedded5.gltf" />
    <None Include="resources\models\animtest\animtest_embedded6.gltf" />
    <None Include="resources\models\animtest\animtest_embedded7.gltf" />
    <None Include="resources\models\animtest\animtest_embedded8.gltf" />
    <None Include="resources\models\animtest\animtest_embedded9.gltf" />
    <None Include="resources\models\animtest\atlbeta00.gltf" />
    <None Include="resources\models\animtest\atlbeta01.gltf" />
    <None Include="resources\models\animtest\atlbeta02.gltf" />
    <None Include="resources\models\animtest\atlbeta03.gltf" />
    <None Include="resources\models\animtest\atlbeta04.gltf" />
    <None Include="resources\models\animtest\atlbeta05.gltf" />
    <None Include="resources\models\animtest\atlbeta06.gltf" />
    <None Include="resources\models\animtest\atlbeta07.gltf" />
    <None Include="resources\models\animtest\atlbeta08.gltf" />
    <None Include="resources\models\animtest\atlbeta09.gltf" />
    <None Include="resources\models\animtest\atlbeta10.gltf" />
    <None Include="resources\models\animtest\atlbeta12.bin">
      <Filter>Resource Files</Filter>
    </None>
    <None Include="resources\models\animtest\atlbeta12.gltf" />
    <None Include="resources\models\animtest\atlbetabin00.glb" />
    <None Include="resources\models\animtest\atlbetafbx00.fbx" />
    <None Include="resources\models\animtest\atlbetafbx01.fbx" />
    <None Include="resources\models\animtest\atlbetafbx02.fbx" />
    <None Include="resources\models\animtest\bonetree00.gltf" />
    <None Include="resources\models\primitives\floor.gltf" />
    <None Include="resources\models\primitives\quad.gltf" />
    <None Include="resources\models\snowman\snowman.mtl" />
    <None Include="resources\models\snowman\snowman.objm" />
    <None Include="resources\models\container\container.mtl" />
    <None Include="resources\models\container\container.objm" />
    <None Include="resources\shaders\BasicText.fs" />
    <None Include="resources\shaders\BasicText.vs" />
    <None Include="resources\shaders\DebugCollisions.vs" />
    <None Include="resources\shaders\DebugCollisions.fs" />
  </ItemGroup>
  <ItemGroup>
    <ClInclude Include="src\Common.h">
      <Filter>Header Files</Filter>
    </ClInclude>
    <ClInclude Include="src\Model.h">
      <Filter>Header Files</Filter>
    </ClInclude>
    <ClInclude Include="src\Util.h">
      <Filter>Header Files</Filter>
    </ClInclude>
    <ClInclude Include="src\Shader.h">
      <Filter>Header Files</Filter>
    </ClInclude>
    <ClInclude Include="src\Text.h">
      <Filter>Header Files</Filter>
    </ClInclude>
    <ClInclude Include="src\Collisions.h">
      <Filter>Header Files</Filter>
    </ClInclude>
  </ItemGroup>
  <ItemGroup>
    <Image Include="resources\textures\grass.jpg">
      <Filter>Resource Files</Filter>
    </Image>
    <Image Include="resources\textures\container.png">
      <Filter>Resource Files</Filter>
    </Image>
    <Image Include="resources\textures\container_specular.png">
      <Filter>Resource Files</Filter>
    </Image>
    <Image Include="resources\textures\brickwall.jpg">
      <Filter>Resource Files</Filter>
    </Image>
    <Image Include="resources\textures\brickwall_normal.jpg">
      <Filter>Resource Files</Filter>
    </Image>
    <Image Include="resources\textures\eye_emission.png">
      <Filter>Resource Files</Filter>
    </Image>
    <Image Include="resources\models\animtest\Beta.png">
      <Filter>Resource Files</Filter>
    </Image>
    <Image Include="resources\models\animtest\Flesh.png">
      <Filter>Resource Files</Filter>
    </Image>
    <Image Include="resources\models\animtest\Head.png">
      <Filter>Resource Files</Filter>
    </Image>
    <Image Include="resources\models\snowman\base_cube_diffuse.png">
      <Filter>Resource Files</Filter>
    </Image>
    <Image Include="resources\models\snowman\icosphere_diffuse.png">
      <Filter>Resource Files</Filter>
    </Image>
    <Image Include="resources\models\snowman\middle_cube_diffuse.png">
      <Filter>Resource Files</Filter>
    </Image>
    <Image Include="resources\models\container\container.png">
      <Filter>Resource Files</Filter>
    </Image>
    <Image Include="resources\models\container\container_emission.png">
      <Filter>Resource Files</Filter>
    </Image>
    <Image Include="resources\models\container\container_normal.png">
      <Filter>Resource Files</Filter>
    </Image>
    <Image Include="resources\models\container\container_specular.png">
      <Filter>Resource Files</Filter>
    </Image>
    <Image Include="resources\models\container\white.png">
      <Filter>Resource Files</Filter>
    </Image>
  </ItemGroup>
  <ItemGroup>
    <Font Include="resources\fonts\ContrailOne-Regular.ttf" />
  </ItemGroup>
</Project>